
Microsoft Visual Studio Solution File, Format Version 12.00
# Visual Studio 15
VisualStudioVersion = 15.0.28307.1022
MinimumVisualStudioVersion = 10.0.40219.1
Project("{FAE04EC0-301F-11D3-BF4B-00C04F79EFBC}") = "WindowsFormsApplication2", "WindowsFormsApplication2\WindowsFormsApplication2.csproj", "{A29E2C4C-2DB6-486D-A717-E5B84F9B6312}"
EndProject
Global
	GlobalSection(SolutionConfigurationPlatforms) = preSolution
		Debug|Any CPU = Debug|Any CPU
		Release|Any CPU = Release|Any CPU
	EndGlobalSection
	GlobalSection(ProjectConfigurationPlatforms) = postSolution
		{A29E2C4C-2DB6-486D-A717-E5B84F9B6312}.Debug|Any CPU.ActiveCfg = Debug|Any CPU
		{A29E2C4C-2DB6-486D-A717-E5B84F9B6312}.Debug|Any CPU.Build.0 = Debug|Any CPU
		{A29E2C4C-2DB6-486D-A717-E5B84F9B6312}.Release|Any CPU.ActiveCfg = Release|Any CPU
		{A29E2C4C-2DB6-486D-A717-E5B84F9B6312}.Release|Any CPU.Build.0 = Release|Any CPU
	EndGlobalSection
	GlobalSection(SolutionProperties) = preSolution
		HideSolutionNode = FALSE
	EndGlobalSection
	GlobalSection(ExtensibilityGlobals) = postSolution
		SolutionGuid = {F53B837C-2E7B-4D69-8EA6-03F32679482E}
	EndGlobalSection
EndGlobal
